// !$*UTF8*$!
{
	archiveVersion = 1;
	classes = {
	};
	objectVersion = 50;
	objects = {

/* Begin PBXBuildFile section */
		988AFC0325A4410D00EF88AF /* Concentration.swift in Sources */ = {isa = PBXBuildFile; fileRef = 988AFC0225A4410D00EF88AF /* Concentration.swift */; };
		988AFC0525A4416000EF88AF /* Card.swift in Sources */ = {isa = PBXBuildFile; fileRef = 988AFC0425A4416000EF88AF /* Card.swift */; };
		98D1F88825A34B7D00D807FC /* AppDelegate.swift in Sources */ = {isa = PBXBuildFile; fileRef = 98D1F88725A34B7D00D807FC /* AppDelegate.swift */; };
		98D1F88A25A34B7D00D807FC /* SceneDelegate.swift in Sources */ = {isa = PBXBuildFile; fileRef = 98D1F88925A34B7D00D807FC /* SceneDelegate.swift */; };
		98D1F88C25A34B7D00D807FC /* ViewController.swift in Sources */ = {isa = PBXBuildFile; fileRef = 98D1F88B25A34B7D00D807FC /* ViewController.swift */; };
		98D1F88F25A34B7D00D807FC /* Main.storyboard in Resources */ = {isa = PBXBuildFile; fileRef = 98D1F88D25A34B7D00D807FC /* Main.storyboard */; };
		98D1F89125A34B7F00D807FC /* Assets.xcassets in Resources */ = {isa = PBXBuildFile; fileRef = 98D1F89025A34B7F00D807FC /* Assets.xcassets */; };
		98D1F89425A34B7F00D807FC /* LaunchScreen.storyboard in Resources */ = {isa = PBXBuildFile; fileRef = 98D1F89225A34B7F00D807FC /* LaunchScreen.storyboard */; };
/* End PBXBuildFile section */

/* Begin PBXFileReference section */
		988AFC0225A4410D00EF88AF /* Concentration.swift */ = {isa = PBXFileReference; lastKnownFileType = sourcecode.swift; path = Concentration.swift; sourceTree = "<group>"; };
		988AFC0425A4416000EF88AF /* Card.swift */ = {isa = PBXFileReference; lastKnownFileType = sourcecode.swift; path = Card.swift; sourceTree = "<group>"; };
		98D1F88425A34B7D00D807FC /* Concetration.app */ = {isa = PBXFileReference; explicitFileType = wrapper.application; includeInIndex = 0; path = Concetration.app; sourceTree = BUILT_PRODUCTS_DIR; };
		98D1F88725A34B7D00D807FC /* AppDelegate.swift */ = {isa = PBXFileReference; lastKnownFileType = sourcecode.swift; path = AppDelegate.swift; sourceTree = "<group>"; };
		98D1F88925A34B7D00D807FC /* SceneDelegate.swift */ = {isa = PBXFileReference; lastKnownFileType = sourcecode.swift; path = SceneDelegate.swift; sourceTree = "<group>"; };
		98D1F88B25A34B7D00D807FC /* ViewController.swift */ = {isa = PBXFileReference; lastKnownFileType = sourcecode.swift; path = ViewController.swift; sourceTree = "<group>"; };
		98D1F88E25A34B7D00D807FC /* Base */ = {isa = PBXFileReference; lastKnownFileType = file.storyboard; name = Base; path = Base.lproj/Main.storyboard; sourceTree = "<group>"; };
		98D1F89025A34B7F00D807FC /* Assets.xcassets */ = {isa = PBXFileReference; lastKnownFileType = folder.assetcatalog; path = Assets.xcassets; sourceTree = "<group>"; };
		98D1F89325A34B7F00D807FC /* Base */ = {isa = PBXFileReference; lastKnownFileType = file.storyboard; name = Base; path = Base.lproj/LaunchScreen.storyboard; sourceTree = "<group>"; };
		98D1F89525A34B7F00D807FC /* Info.plist */ = {isa = PBXFileReference; lastKnownFileType = text.plist.xml; path = Info.plist; sourceTree = "<group>"; };
/* End PBXFileReference section */

/* Begin PBXFrameworksBuildPhase section */
		98D1F88125A34B7D00D807FC /* Frameworks */ = {
			isa = PBXFrameworksBuildPhase;
			buildActionMask = 2147483647;
			files = (
			);
			runOnlyForDeploymentPostprocessing = 0;
		};
/* End PBXFrameworksBuildPhase section */

/* Begin PBXGroup section */
		98D1F87B25A34B7D00D807FC = {
			isa = PBXGroup;
			children = (
				98D1F88625A34B7D00D807FC /* Concetration */,
				98D1F88525A34B7D00D807FC /* Products */,
			);
			sourceTree = "<group>";
		};
		98D1F88525A34B7D00D807FC /* Products */ = {
			isa = PBXGroup;
			children = (
				98D1F88425A34B7D00D807FC /* Concetration.app */,
			);
			name = Products;
			sourceTree = "<group>";
		};
		98D1F88625A34B7D00D807FC /* Concetration */ = {
			isa = PBXGroup;
			children = (
				98D1F88B25A34B7D00D807FC /* ViewController.swift */,
				988AFC0225A4410D00EF88AF /* Concentration.swift */,
				988AFC0425A4416000EF88AF /* Card.swift */,
				98D1F88D25A34B7D00D807FC /* Main.storyboard */,
				98D1F89B25A34D0200D807FC /* Supporting Files */,
				98D1F89525A34B7F00D807FC /* Info.plist */,
			);
			path = Concetration;
			sourceTree = "<group>";
		};
		98D1F89B25A34D0200D807FC /* Supporting Files */ = {
			isa = PBXGroup;
			children = (
				98D1F89025A34B7F00D807FC /* Assets.xcassets */,
				98D1F88925A34B7D00D807FC /* SceneDelegate.swift */,
				98D1F88725A34B7D00D807FC /* AppDelegate.swift */,
				98D1F89225A34B7F00D807FC /* LaunchScreen.storyboard */,
			);
			path = "Supporting Files";
			sourceTree = "<group>";
		};
/* End PBXGroup section */

/* Begin PBXNativeTarget section */
		98D1F88325A34B7D00D807FC /* Concetration */ = {
			isa = PBXNativeTarget;
			buildConfigurationList = 98D1F89825A34B7F00D807FC /* Build configuration list for PBXNativeTarget "Concetration" */;
			buildPhases = (
				98D1F88025A34B7D00D807FC /* Sources */,
				98D1F88125A34B7D00D807FC /* Frameworks */,
				98D1F88225A34B7D00D807FC /* Resources */,
			);
			buildRules = (
			);
			dependencies = (
			);
			name = Concetration;
			productName = Concetration;
			productReference = 98D1F88425A34B7D00D807FC /* Concetration.app */;
			productType = "com.apple.product-type.application";
		};
/* End PBXNativeTarget section */

/* Begin PBXProject section */
		98D1F87C25A34B7D00D807FC /* Project object */ = {
			isa = PBXProject;
			attributes = {
				LastSwiftUpdateCheck = 1170;
				LastUpgradeCheck = 1170;
				ORGANIZATIONNAME = Tigran;
				TargetAttributes = {
					98D1F88325A34B7D00D807FC = {
						CreatedOnToolsVersion = 11.7;
					};
				};
			};
			buildConfigurationList = 98D1F87F25A34B7D00D807FC /* Build configuration list for PBXProject "Concetration" */;
			compatibilityVersion = "Xcode 9.3";
			developmentRegion = en;
			hasScannedForEncodings = 0;
			knownRegions = (
				en,
				Base,
			);
			mainGroup = 98D1F87B25A34B7D00D807FC;
			productRefGroup = 98D1F88525A34B7D00D807FC /* Products */;
			projectDirPath = "";
			projectRoot = "";
			targets = (
				98D1F88325A34B7D00D807FC /* Concetration */,
			);
		};
/* End PBXProject section */

/* Begin PBXResourcesBuildPhase section */
		98D1F88225A34B7D00D807FC /* Resources */ = {
			isa = PBXResourcesBuildPhase;
			buildActionMask = 2147483647;
			files = (
				98D1F89425A34B7F00D807FC /* LaunchScreen.storyboard in Resources */,
				98D1F89125A34B7F00D807FC /* Assets.xcassets in Resources */,
				98D1F88F25A34B7D00D807FC /* Main.storyboard in Resources */,
			);
			runOnlyForDeploymentPostprocessing = 0;
		};
/* End PBXResourcesBuildPhase section */

/* Begin PBXSourcesBuildPhase section */
		98D1F88025A34B7D00D807FC /* Sources */ = {
			isa = PBXSourcesBuildPhase;
			buildActionMask = 2147483647;
			files = (
				98D1F88C25A34B7D00D807FC /* ViewController.swift in Sources */,
				988AFC0325A4410D00EF88AF /* Concentration.swift in Sources */,
				988AFC0525A4416000EF88AF /* Card.swift in Sources */,
				98D1F88825A34B7D00D807FC /* AppDelegate.swift in Sources */,
				98D1F88A25A34B7D00D807FC /* SceneDelegate.swift in Sources */,
			);
			runOnlyForDeploymentPostprocessing = 0;
		};
/* End PBXSourcesBuildPhase section */

/* Begin PBXVariantGroup section */
		98D1F88D25A34B7D00D807FC /* Main.storyboard */ = {
			isa = PBXVariantGroup;
			children = (
				98D1F88E25A34B7D00D807FC /* Base */,
			);
			name = Main.storyboard;
			sourceTree = "<group>";
		};
		98D1F89225A34B7F00D807FC /* LaunchScreen.storyboard */ = {
			isa = PBXVariantGroup;
			children = (
				98D1F89325A34B7F00D807FC /* Base */,
			);
			name = LaunchScreen.storyboard;
			sourceTree = "<group>";
		};
/* End PBXVariantGroup section */

/* Begin XCBuildConfiguration section */
		98D1F89625A34B7F00D807FC /* Debug */ = {
			isa = XCBuildConfiguration;
			buildSettings = {
				ALWAYS_SEARCH_USER_PATHS = NO;
				CLANG_ANALYZER_NONNULL = YES;
				CLANG_ANALYZER_NUMBER_OBJECT_CONVERSION = YES_AGGRESSIVE;
				CLANG_CXX_LANGUAGE_STANDARD = "gnu++14";
				CLANG_CXX_LIBRARY = "libc++";
				CLANG_ENABLE_MODULES = YES;
				CLANG_ENABLE_OBJC_ARC = YES;
				CLANG_ENABLE_OBJC_WEAK = YES;
				CLANG_WARN_BLOCK_CAPTURE_AUTORELEASING = YES;
				CLANG_WARN_BOOL_CONVERSION = YES;
				CLANG_WARN_COMMA = YES;
				CLANG_WARN_CONSTANT_CONVERSION = YES;
				CLANG_WARN_DEPRECATED_OBJC_IMPLEMENTATIONS = YES;
				CLANG_WARN_DIRECT_OBJC_ISA_USAGE = YES_ERROR;
				CLANG_WARN_DOCUMENTATION_COMMENTS = YES;
				CLANG_WARN_EMPTY_BODY = YES;
				CLANG_WARN_ENUM_CONVERSION = YES;
				CLANG_WARN_INFINITE_RECURSION = YES;
				CLANG_WARN_INT_CONVERSION = YES;
				CLANG_WARN_NON_LITERAL_NULL_CONVERSION = YES;
				CLANG_WARN_OBJC_IMPLICIT_RETAIN_SELF = YES;
				CLANG_WARN_OBJC_LITERAL_CONVERSION = YES;
				CLANG_WARN_OBJC_ROOT_CLASS = YES_ERROR;
				CLANG_WARN_RANGE_LOOP_ANALYSIS = YES;
				CLANG_WARN_STRICT_PROTOTYPES = YES;
				CLANG_WARN_SUSPICIOUS_MOVE = YES;
				CLANG_WARN_UNGUARDED_AVAILABILITY = YES_AGGRESSIVE;
				CLANG_WARN_UNREACHABLE_CODE = YES;
				CLANG_WARN__DUPLICATE_METHOD_MATCH = YES;
				COPY_PHASE_STRIP = NO;
				DEBUG_INFORMATION_FORMAT = dwarf;
				ENABLE_STRICT_OBJC_MSGSEND = YES;
				ENABLE_TESTABILITY = YES;
				GCC_C_LANGUAGE_STANDARD = gnu11;
				GCC_DYNAMIC_NO_PIC = NO;
				GCC_NO_COMMON_BLOCKS = YES;
				GCC_OPTIMIZATION_LEVEL = 0;
				GCC_PREPROCESSOR_DEFINITIONS = (
					"DEBUG=1",
					"$(inherited)",
				);
				GCC_WARN_64_TO_32_BIT_CONVERSION = YES;
				GCC_WARN_ABOUT_RETURN_TYPE = YES_ERROR;
				GCC_WARN_UNDECLARED_SELECTOR = YES;
				GCC_WARN_UNINITIALIZED_AUTOS = YES_AGGRESSIVE;
				GCC_WARN_UNUSED_FUNCTION = YES;
				GCC_WARN_UNUSED_VARIABLE = YES;
				IPHONEOS_DEPLOYMENT_TARGET = 13.7;
				MTL_ENABLE_DEBUG_INFO = INCLUDE_SOURCE;
				MTL_FAST_MATH = YES;
				ONLY_ACTIVE_ARCH = YES;
				SDKROOT = iphoneos;
				SWIFT_ACTIVE_COMPILATION_CONDITIONS = DEBUG;
				SWIFT_OPTIMIZATION_LEVEL = "-Onone";
			};
			name = Debug;
		};
		98D1F89725A34B7F00D807FC /* Release */ = {
			isa = XCBuildConfiguration;
			buildSettings = {
				ALWAYS_SEARCH_USER_PATHS = NO;
				CLANG_ANALYZER_NONNULL = YES;
				CLANG_ANALYZER_NUMBER_OBJECT_CONVERSION = YES_AGGRESSIVE;
				CLANG_CXX_LANGUAGE_STANDARD = "gnu++14";
				CLANG_CXX_LIBRARY = "libc++";
				CLANG_ENABLE_MODULES = YES;
				CLANG_ENABLE_OBJC_ARC = YES;
				CLANG_ENABLE_OBJC_WEAK = YES;
				CLANG_WARN_BLOCK_CAPTURE_AUTORELEASING = YES;
				CLANG_WARN_BOOL_CONVERSION = YES;
				CLANG_WARN_COMMA = YES;
				CLANG_WARN_CONSTANT_CONVERSION = YES;
				CLANG_WARN_DEPRECATED_OBJC_IMPLEMENTATIONS = YES;
				CLANG_WARN_DIRECT_OBJC_ISA_USAGE = YES_ERROR;
				CLANG_WARN_DOCUMENTATION_COMMENTS = YES;
				CLANG_WARN_EMPTY_BODY = YES;
				CLANG_WARN_ENUM_CONVERSION = YES;
				CLANG_WARN_INFINITE_RECURSION = YES;
				CLANG_WARN_INT_CONVERSION = YES;
				CLANG_WARN_NON_LITERAL_NULL_CONVERSION = YES;
				CLANG_WARN_OBJC_IMPLICIT_RETAIN_SELF = YES;
				CLANG_WARN_OBJC_LITERAL_CONVERSION = YES;
				CLANG_WARN_OBJC_ROOT_CLASS = YES_ERROR;
				CLANG_WARN_RANGE_LOOP_ANALYSIS = YES;
				CLANG_WARN_STRICT_PROTOTYPES = YES;
				CLANG_WARN_SUSPICIOUS_MOVE = YES;
				CLANG_WARN_UNGUARDED_AVAILABILITY = YES_AGGRESSIVE;
				CLANG_WARN_UNREACHABLE_CODE = YES;
				CLANG_WARN__DUPLICATE_METHOD_MATCH = YES;
				COPY_PHASE_STRIP = NO;
				DEBUG_INFORMATION_FORMAT = "dwarf-with-dsym";
				ENABLE_NS_ASSERTIONS = NO;
				ENABLE_STRICT_OBJC_MSGSEND = YES;
				GCC_C_LANGUAGE_STANDARD = gnu11;
				GCC_NO_COMMON_BLOCKS = YES;
				GCC_WARN_64_TO_32_BIT_CONVERSION = YES;
				GCC_WARN_ABOUT_RETURN_TYPE = YES_ERROR;
				GCC_WARN_UNDECLARED_SELECTOR = YES;
				GCC_WARN_UNINITIALIZED_AUTOS = YES_AGGRESSIVE;
				GCC_WARN_UNUSED_FUNCTION = YES;
				GCC_WARN_UNUSED_VARIABLE = YES;
				IPHONEOS_DEPLOYMENT_TARGET = 13.7;
				MTL_ENABLE_DEBUG_INFO = NO;
				MTL_FAST_MATH = YES;
				SDKROOT = iphoneos;
				SWIFT_COMPILATION_MODE = wholemodule;
				SWIFT_OPTIMIZATION_LEVEL = "-O";
				VALIDATE_PRODUCT = YES;
			};
			name = Release;
		};
		98D1F89925A34B7F00D807FC /* Debug */ = {
			isa = XCBuildConfiguration;
			buildSettings = {
				ASSETCATALOG_COMPILER_APPICON_NAME = AppIcon;
				CODE_SIGN_STYLE = Automatic;
				INFOPLIST_FILE = Concetration/Info.plist;
				LD_RUNPATH_SEARCH_PATHS = (
					"$(inherited)",
					"@executable_path/Frameworks",
				);
				PRODUCT_BUNDLE_IDENTIFIER = tigran.Concetration;
				PRODUCT_NAME = "$(TARGET_NAME)";
				SWIFT_VERSION = 5.0;
				TARGETED_DEVICE_FAMILY = "1,2";
			};
			name = Debug;
		};
		98D1F89A25A34B7F00D807FC /* Release */ = {
			isa = XCBuildConfiguration;
			buildSettings = {
				ASSETCATALOG_COMPILER_APPICON_NAME = AppIcon;
				CODE_SIGN_STYLE = Automatic;
				INFOPLIST_FILE = Concetration/Info.plist;
				LD_RUNPATH_SEARCH_PATHS = (
					"$(inherited)",
					"@executable_path/Frameworks",
				);
				PRODUCT_BUNDLE_IDENTIFIER = tigran.Concetration;
				PRODUCT_NAME = "$(TARGET_NAME)";
				SWIFT_VERSION = 5.0;
				TARGETED_DEVICE_FAMILY = "1,2";
			};
			name = Release;
		};
/* End XCBuildConfiguration section */

/* Begin XCConfigurationList section */
		98D1F87F25A34B7D00D807FC /* Build configuration list for PBXProject "Concetration" */ = {
			isa = XCConfigurationList;
			buildConfigurations = (
				98D1F89625A34B7F00D807FC /* Debug */,
				98D1F89725A34B7F00D807FC /* Release */,
			);
			defaultConfigurationIsVisible = 0;
			defaultConfigurationName = Release;
		};
		98D1F89825A34B7F00D807FC /* Build configuration list for PBXNativeTarget "Concetration" */ = {
			isa = XCConfigurationList;
			buildConfigurations = (
				98D1F89925A34B7F00D807FC /* Debug */,
				98D1F89A25A34B7F00D807FC /* Release */,
			);
			defaultConfigurationIsVisible = 0;
			defaultConfigurationName = Release;
		};
/* End XCConfigurationList section */
	};
	rootObject = 98D1F87C25A34B7D00D807FC /* Project object */;
}
